
Microsoft Visual Studio Solution File, Format Version 12.00
# Visual Studio 15
VisualStudioVersion = 15.0.28010.0
MinimumVisualStudioVersion = 10.0.40219.1
Project("{FAE04EC0-301F-11D3-BF4B-00C04F79EFBC}") = "PSHost", "PSHost\PSHost.csproj", "{5BD8D169-6D99-45EC-BB53-19DF64FF3FEC}"
EndProject
Project("{2150E333-8FDC-42A3-9474-1A3956D46DE8}") = "Solution Items", "Solution Items", "{2674624E-9CA8-4080-AC64-628EB835B92C}"
	ProjectSection(SolutionItems) = preProject
		NuGet.config = NuGet.config
	EndProjectSection
EndProject
Project("{FAE04EC0-301F-11D3-BF4B-00C04F79EFBC}") = "PSHost.Core", "PSHost.Core\PSHost.Core.csproj", "{22BB5A27-0F9E-493F-86D7-CDCFC2048B65}"
EndProject
Global
	GlobalSection(SolutionConfigurationPlatforms) = preSolution
		Debug|Any CPU = Debug|Any CPU
		Release|Any CPU = Release|Any CPU
	EndGlobalSection
	GlobalSection(ProjectConfigurationPlatforms) = postSolution
		{5BD8D169-6D99-45EC-BB53-19DF64FF3FEC}.Debug|Any CPU.ActiveCfg = Debug|Any CPU
		{5BD8D169-6D99-45EC-BB53-19DF64FF3FEC}.Debug|Any CPU.Build.0 = Debug|Any CPU
		{5BD8D169-6D99-45EC-BB53-19DF64FF3FEC}.Release|Any CPU.ActiveCfg = Release|Any CPU
		{5BD8D169-6D99-45EC-BB53-19DF64FF3FEC}.Release|Any CPU.Build.0 = Release|Any CPU
		{22BB5A27-0F9E-493F-86D7-CDCFC2048B65}.Debug|Any CPU.ActiveCfg = Debug|Any CPU
		{22BB5A27-0F9E-493F-86D7-CDCFC2048B65}.Debug|Any CPU.Build.0 = Debug|Any CPU
		{22BB5A27-0F9E-493F-86D7-CDCFC2048B65}.Release|Any CPU.ActiveCfg = Release|Any CPU
		{22BB5A27-0F9E-493F-86D7-CDCFC2048B65}.Release|Any CPU.Build.0 = Release|Any CPU
	EndGlobalSection
	GlobalSection(SolutionProperties) = preSolution
		HideSolutionNode = FALSE
	EndGlobalSection
	GlobalSection(ExtensibilityGlobals) = postSolution
		SolutionGuid = {F28F4B3A-595E-4CA7-B991-7183B7A73D23}
	EndGlobalSection
EndGlobal
